
Microsoft Visual Studio Solution File, Format Version 12.00
Project("{2150E333-8FDC-42A3-9474-1A3956D46DE8}") = "2_Docker", "2_Docker", "{C2BD625B-3F58-4C9B-86C8-D5254B036F43}"
EndProject
Project("{FAE04EC0-301F-11D3-BF4B-00C04F79EFBC}") = "OtusDockerHomework", "OtusDockerHomework\OtusDockerHomework.csproj", "{2869D2AC-0BE3-41C1-BF0C-55455E06A5DB}"
EndProject
Global
	GlobalSection(SolutionConfigurationPlatforms) = preSolution
		Debug|Any CPU = Debug|Any CPU
		Release|Any CPU = Release|Any CPU
	EndGlobalSection
	GlobalSection(NestedProjects) = preSolution
		{2869D2AC-0BE3-41C1-BF0C-55455E06A5DB} = {C2BD625B-3F58-4C9B-86C8-D5254B036F43}
	EndGlobalSection
	GlobalSection(ProjectConfigurationPlatforms) = postSolution
		{2869D2AC-0BE3-41C1-BF0C-55455E06A5DB}.Debug|Any CPU.ActiveCfg = Debug|Any CPU
		{2869D2AC-0BE3-41C1-BF0C-55455E06A5DB}.Debug|Any CPU.Build.0 = Debug|Any CPU
		{2869D2AC-0BE3-41C1-BF0C-55455E06A5DB}.Debug|Any CPU.Deploy.0 = Debug|Any CPU
	EndGlobalSection
EndGlobal
